PODS:
  - Flutter (1.0.0)
  - super_player (12.2.0):
    - Flutter
    - TXLiteAVSDK_Player (= 12.2.16945)
  - TXLiteAVSDK_Player (12.2.16945)

DEPENDENCIES:
  - Flutter (from `Flutter`)
  - super_player (from `.symlinks/plugins/super_player/ios`)

SPEC REPOS:
  trunk:
    - TXLiteAVSDK_Player

EXTERNAL SOURCES:
  Flutter:
    :path: Flutter
  super_player:
    :path: ".symlinks/plugins/super_player/ios"

SPEC CHECKSUMS:
  Flutter: e0871f40cf51350855a761d2e70bf5af5b9b5de7
  super_player: e7f1c8169927d5a9c720d7f1f56f95ee11854e03
  TXLiteAVSDK_Player: 87ced214e008f6e62fcfd794ddbaa23a86a2893b

PODFILE CHECKSUM: 819463e6a0290f5a72f145ba7cde16e8b6ef0796

COCOAPODS: 1.16.2
